
Microsoft Visual Studio Solution File, Format Version 12.00
# Visual Studio 15
VisualStudioVersion = 15.0.27428.2043
MinimumVisualStudioVersion = 10.0.40219.1
Project("{FAE04EC0-301F-11D3-BF4B-00C04F79EFBC}") = "ProcessListener", "ProcessListener\ProcessListener.csproj", "{EEDC5A8C-777E-4E14-8DDD-24988CAFA38F}"
EndProject
Global
	GlobalSection(SolutionConfigurationPlatforms) = preSolution
		Debug|Any CPU = Debug|Any CPU
		Release|Any CPU = Release|Any CPU
	EndGlobalSection
	GlobalSection(ProjectConfigurationPlatforms) = postSolution
		{EEDC5A8C-777E-4E14-8DDD-24988CAFA38F}.Debug|Any CPU.ActiveCfg = Debug|Any CPU
		{EEDC5A8C-777E-4E14-8DDD-24988CAFA38F}.Debug|Any CPU.Build.0 = Debug|Any CPU
		{EEDC5A8C-777E-4E14-8DDD-24988CAFA38F}.Release|Any CPU.ActiveCfg = Release|Any CPU
		{EEDC5A8C-777E-4E14-8DDD-24988CAFA38F}.Release|Any CPU.Build.0 = Release|Any CPU
	EndGlobalSection
	GlobalSection(SolutionProperties) = preSolution
		HideSolutionNode = FALSE
	EndGlobalSection
	GlobalSection(ExtensibilityGlobals) = postSolution
		SolutionGuid = {6764668E-039A-4633-862E-6C1B035DA403}
	EndGlobalSection
EndGlobal
